<?xml version="1.0" encoding="utf-8"?>
<Project ToolsVersion="4.0" xmlns="http://schemas.microsoft.com/developer/msbuild/2003">
  <ItemGroup>
    <Filter Include="Source Files">
      <UniqueIdentifier>{4FC737F1-C7A5-4376-A066-2A32D752A2FF}</UniqueIdentifier>
      <Extensions>cpp;c;cc;cxx;c++;cppm;ixx;def;odl;idl;hpj;bat;asm;asmx</Extensions>
    </Filter>
    <Filter Include="Header Files">
      <UniqueIdentifier>{93995380-89BD-4b04-88EB-625FBE52EBFB}</UniqueIdentifier>
      <Extensions>h;hh;hpp;hxx;h++;hm;inl;inc;ipp;xsd</Extensions>
    </Filter>
    <Filter Include="Resource Files">
      <UniqueIdentifier>{67DA6AB6-F800-4c08-8B7A-83BB121AAD01}</UniqueIdentifier>
      <Extensions>rc;ico;cur;bmp;dlg;rc2;rct;bin;rgs;gif;jpg;jpeg;jpe;resx;tiff;tif;png;wav;mfcribbon-ms</Extensions>
    </Filter>
  </ItemGroup>
  <ItemGroup>
    <ClInclude Include="applicationClass.h">
      <Filter>Header Files</Filter>
    </ClInclude>
    <ClInclude Include="systemClass.h">
      <Filter>Header Files</Filter>
    </ClInclude>
    <ClInclude Include="lightShaderClass.h">
      <Filter>Header Files</Filter>
    </ClInclude>
    <ClInclude Include="textureClass.h">
      <Filter>Header Files</Filter>
    </ClInclude>
    <ClInclude Include="cameraClass.h">
      <Filter>Header Files</Filter>
    </ClInclude>
    <ClInclude Include="d3dClass.h">
      <Filter>Header Files</Filter>
    </ClInclude>
    <ClInclude Include="modelClass.h">
      <Filter>Header Files</Filter>
    </ClInclude>
    <ClInclude Include="lightClass.h">
      <Filter>Header Files</Filter>
    </ClInclude>
  </ItemGroup>
  <ItemGroup>
    <ClCompile Include="inputClass.h">
      <Filter>Header Files</Filter>
    </ClCompile>
    <ClCompile Include="main.cpp">
      <Filter>Source Files</Filter>
    </ClCompile>
    <ClCompile Include="applicationClass.cpp">
      <Filter>Source Files</Filter>
    </ClCompile>
    <ClCompile Include="inputClass.cpp">
      <Filter>Source Files</Filter>
    </ClCompile>
    <ClCompile Include="systemClass.cpp">
      <Filter>Source Files</Filter>
    </ClCompile>
    <ClCompile Include="lightShaderClass.cpp">
      <Filter>Source Files</Filter>
    </ClCompile>
    <ClCompile Include="textureClass.cpp">
      <Filter>Source Files</Filter>
    </ClCompile>
    <ClCompile Include="cameraClass.cpp">
      <Filter>Source Files</Filter>
    </ClCompile>
    <ClCompile Include="d3dClass.cpp">
      <Filter>Source Files</Filter>
    </ClCompile>
    <ClCompile Include="modelClass.cpp">
      <Filter>Source Files</Filter>
    </ClCompile>
    <ClCompile Include="lightClass.cpp">
      <Filter>Source Files</Filter>
    </ClCompile>
  </ItemGroup>
  <ItemGroup>
    <Image Include="..\..\..\..\Documents\CS470\Tutorial Files\dx11win10tut05_src\data\stone01.tga">
      <Filter>Resource Files</Filter>
    </Image>
  </ItemGroup>
  <ItemGroup>
    <None Include="light.vs" />
    <None Include="light.ps" />
  </ItemGroup>
</Project>